
Microsoft Visual Studio Solution File, Format Version 12.00
# Visual Studio Version 17
VisualStudioVersion = 17.8.34408.163
MinimumVisualStudioVersion = 10.0.40219.1
Project("{FAE04EC0-301F-11D3-BF4B-00C04F79EFBC}") = "4. Area of a rectange", "4. Area of a rectange.csproj", "{303042C3-D9B3-4B9B-BBE9-AB04FE0535D1}"
EndProject
Global
	GlobalSection(SolutionConfigurationPlatforms) = preSolution
		Debug|Any CPU = Debug|Any CPU
		Release|Any CPU = Release|Any CPU
	EndGlobalSection
	GlobalSection(ProjectConfigurationPlatforms) = postSolution
		{303042C3-D9B3-4B9B-BBE9-AB04FE0535D1}.Debug|Any CPU.ActiveCfg = Debug|Any CPU
		{303042C3-D9B3-4B9B-BBE9-AB04FE0535D1}.Debug|Any CPU.Build.0 = Debug|Any CPU
		{303042C3-D9B3-4B9B-BBE9-AB04FE0535D1}.Release|Any CPU.ActiveCfg = Release|Any CPU
		{303042C3-D9B3-4B9B-BBE9-AB04FE0535D1}.Release|Any CPU.Build.0 = Release|Any CPU
	EndGlobalSection
	GlobalSection(SolutionProperties) = preSolution
		HideSolutionNode = FALSE
	EndGlobalSection
	GlobalSection(ExtensibilityGlobals) = postSolution
		SolutionGuid = {69E4F517-DAF0-40FC-9824-87E7EC104447}
	EndGlobalSection
EndGlobal
